
Microsoft Visual Studio Solution File, Format Version 12.00
# Visual Studio Version 16
VisualStudioVersion = 16.0.31515.178
MinimumVisualStudioVersion = 10.0.40219.1
Project("{FAE04EC0-301F-11D3-BF4B-00C04F79EFBC}") = "HomeWork1.1", "HomeWork1.1\HomeWork1.1.csproj", "{01632A00-2EF1-4362-8014-D83E8E3EA468}"
	ProjectSection(ProjectDependencies) = postProject
		{4028DF37-F228-45F9-9939-357086BD0B35} = {4028DF37-F228-45F9-9939-357086BD0B35}
	EndProjectSection
EndProject
Project("{FAE04EC0-301F-11D3-BF4B-00C04F79EFBC}") = "HomeWork1.2", "HomeWork1.2\HomeWork1.2.csproj", "{3D89E73D-F038-4930-8167-74DF8A225BB4}"
EndProject
Project("{FAE04EC0-301F-11D3-BF4B-00C04F79EFBC}") = "HomeWork1.3", "HomeWork1.3\HomeWork1.3.csproj", "{18E6B5C3-353F-424C-A7D8-E638003BB28D}"
EndProject
Project("{FAE04EC0-301F-11D3-BF4B-00C04F79EFBC}") = "HomeWork1.4", "HomeWork1.4\HomeWork1.4.csproj", "{C0CB9D7D-06E2-4019-B322-1CEEA4302EA7}"
EndProject
Project("{FAE04EC0-301F-11D3-BF4B-00C04F79EFBC}") = "HomeWork1.5", "HomeWork1.5\HomeWork1.5.csproj", "{CB437C37-3FC5-4090-B56B-BFFB5776F3D4}"
EndProject
Project("{2150E333-8FDC-42A3-9474-1A3956D46DE8}") = "HomeWork1", "HomeWork1", "{888410E9-CB77-416B-A323-3CD1FF589699}"
EndProject
Project("{2150E333-8FDC-42A3-9474-1A3956D46DE8}") = "HomeWork2", "HomeWork2", "{28F12965-1DC2-43A8-890B-4FFF32AE1993}"
EndProject
Project("{FAE04EC0-301F-11D3-BF4B-00C04F79EFBC}") = "HomeWork2.1", "HomeWork2.1\HomeWork2.1.csproj", "{B03DDA9A-EF46-4402-AC98-296B7A9EE21F}"
EndProject
Project("{FAE04EC0-301F-11D3-BF4B-00C04F79EFBC}") = "HomeWork2.2", "HomeWork2.2\HomeWork2.2.csproj", "{D9CAD741-C5EA-487F-9678-A0C019153472}"
EndProject
Project("{FAE04EC0-301F-11D3-BF4B-00C04F79EFBC}") = "HomeWork2.3", "HomeWork2.3\HomeWork2.3.csproj", "{A3513254-F65A-447F-80D5-D027095018CF}"
EndProject
Project("{FAE04EC0-301F-11D3-BF4B-00C04F79EFBC}") = "HomeWork2.4", "HomeWork2.4\HomeWork2.4.csproj", "{04C3EE70-6CCE-4750-83E1-8A7EC784A742}"
EndProject
Project("{FAE04EC0-301F-11D3-BF4B-00C04F79EFBC}") = "HomeWork2.5", "HomeWork2.5\HomeWork2.5.csproj", "{A0604466-FAA3-49A1-8D2C-01F6DDCA4626}"
EndProject
Project("{FAE04EC0-301F-11D3-BF4B-00C04F79EFBC}") = "HomeWork2.6", "HomeWork2.6\HomeWork2.6.csproj", "{3B2915B6-582F-4952-BF51-C291531DDCEB}"
EndProject
Project("{FAE04EC0-301F-11D3-BF4B-00C04F79EFBC}") = "HomeWork2.7", "HomeWork2.7\HomeWork2.7.csproj", "{F2AC7C79-097F-40BD-B8D4-998BDF617479}"
EndProject
Project("{2150E333-8FDC-42A3-9474-1A3956D46DE8}") = "HomeWork3", "HomeWork3", "{08099F25-6368-49FE-BCA8-10DACCA07529}"
EndProject
Project("{FAE04EC0-301F-11D3-BF4B-00C04F79EFBC}") = "HomeWork3.1", "HomeWork3.1\HomeWork3.1.csproj", "{583B2A0B-4F72-47DC-86D9-3FC4B63137F0}"
EndProject
Project("{FAE04EC0-301F-11D3-BF4B-00C04F79EFBC}") = "HomeWork3.2", "HomeWork3.2\HomeWork3.2.csproj", "{FA8C85B7-BC03-4FA3-B36A-8DDD36E04E5A}"
EndProject
Project("{FAE04EC0-301F-11D3-BF4B-00C04F79EFBC}") = "HomeWork3.3", "HomeWork3.3\HomeWork3.3.csproj", "{B5A41590-BABF-4D9B-985E-9754F383131B}"
EndProject
Project("{2150E333-8FDC-42A3-9474-1A3956D46DE8}") = "HomeWork4", "HomeWork4", "{B63A5663-37EE-431B-9480-F517711035A3}"
EndProject
Project("{FAE04EC0-301F-11D3-BF4B-00C04F79EFBC}") = "HomeWork4.1", "HomeWork4.1\HomeWork4.1.csproj", "{4028DF37-F228-45F9-9939-357086BD0B35}"
EndProject
Project("{FAE04EC0-301F-11D3-BF4B-00C04F79EFBC}") = "ClassLibrary1", "ClassLibrary1\ClassLibrary1.csproj", "{1633E825-C2E8-47B9-A86B-5CED33FB1D5D}"
EndProject
Project("{FAE04EC0-301F-11D3-BF4B-00C04F79EFBC}") = "HomeWork4.2", "HomeWork4.2\HomeWork4.2.csproj", "{61512F2C-F3F7-480B-876A-EB1D6A0C0A06}"
EndProject
Project("{2150E333-8FDC-42A3-9474-1A3956D46DE8}") = "HomeWork5", "HomeWork5", "{81CF191C-978B-4365-82D0-EB619A7F812A}"
EndProject
Project("{FAE04EC0-301F-11D3-BF4B-00C04F79EFBC}") = "HomeWork5.1", "HomeWork5.1\HomeWork5.1.csproj", "{1F60EB8B-6784-4EDD-B93D-7E7295FDC8CD}"
EndProject
Project("{FAE04EC0-301F-11D3-BF4B-00C04F79EFBC}") = "HomeWork5.2", "HomeWork5.2\HomeWork5.2.csproj", "{BE76B1C7-BDC9-44C1-A06B-EEE4CDAB1711}"
EndProject
Project("{FAE04EC0-301F-11D3-BF4B-00C04F79EFBC}") = "HomeWork5.3", "HomeWork5.3\HomeWork5.3.csproj", "{B30B7BF8-9F53-4720-9BE6-3A53079B3F57}"
EndProject
Project("{2150E333-8FDC-42A3-9474-1A3956D46DE8}") = "HomeWork6", "HomeWork6", "{1B8993CA-1360-4925-AF46-EB94196FF74A}"
EndProject
Project("{FAE04EC0-301F-11D3-BF4B-00C04F79EFBC}") = "HomeWork6.1", "HomeWork6.1\HomeWork6.1.csproj", "{F2A739C5-7272-48D8-9241-CD1337860BF1}"
EndProject
Global
	GlobalSection(SolutionConfigurationPlatforms) = preSolution
		Debug|Any CPU = Debug|Any CPU
		Release|Any CPU = Release|Any CPU
	EndGlobalSection
	GlobalSection(ProjectConfigurationPlatforms) = postSolution
		{01632A00-2EF1-4362-8014-D83E8E3EA468}.Debug|Any CPU.ActiveCfg = Debug|Any CPU
		{01632A00-2EF1-4362-8014-D83E8E3EA468}.Debug|Any CPU.Build.0 = Debug|Any CPU
		{01632A00-2EF1-4362-8014-D83E8E3EA468}.Release|Any CPU.ActiveCfg = Release|Any CPU
		{01632A00-2EF1-4362-8014-D83E8E3EA468}.Release|Any CPU.Build.0 = Release|Any CPU
		{3D89E73D-F038-4930-8167-74DF8A225BB4}.Debug|Any CPU.ActiveCfg = Debug|Any CPU
		{3D89E73D-F038-4930-8167-74DF8A225BB4}.Debug|Any CPU.Build.0 = Debug|Any CPU
		{3D89E73D-F038-4930-8167-74DF8A225BB4}.Release|Any CPU.ActiveCfg = Release|Any CPU
		{3D89E73D-F038-4930-8167-74DF8A225BB4}.Release|Any CPU.Build.0 = Release|Any CPU
		{18E6B5C3-353F-424C-A7D8-E638003BB28D}.Debug|Any CPU.ActiveCfg = Debug|Any CPU
		{18E6B5C3-353F-424C-A7D8-E638003BB28D}.Debug|Any CPU.Build.0 = Debug|Any CPU
		{18E6B5C3-353F-424C-A7D8-E638003BB28D}.Release|Any CPU.ActiveCfg = Release|Any CPU
		{18E6B5C3-353F-424C-A7D8-E638003BB28D}.Release|Any CPU.Build.0 = Release|Any CPU
		{C0CB9D7D-06E2-4019-B322-1CEEA4302EA7}.Debug|Any CPU.ActiveCfg = Debug|Any CPU
		{C0CB9D7D-06E2-4019-B322-1CEEA4302EA7}.Debug|Any CPU.Build.0 = Debug|Any CPU
		{C0CB9D7D-06E2-4019-B322-1CEEA4302EA7}.Release|Any CPU.ActiveCfg = Release|Any CPU
		{C0CB9D7D-06E2-4019-B322-1CEEA4302EA7}.Release|Any CPU.Build.0 = Release|Any CPU
		{CB437C37-3FC5-4090-B56B-BFFB5776F3D4}.Debug|Any CPU.ActiveCfg = Debug|Any CPU
		{CB437C37-3FC5-4090-B56B-BFFB5776F3D4}.Debug|Any CPU.Build.0 = Debug|Any CPU
		{CB437C37-3FC5-4090-B56B-BFFB5776F3D4}.Release|Any CPU.ActiveCfg = Release|Any CPU
		{CB437C37-3FC5-4090-B56B-BFFB5776F3D4}.Release|Any CPU.Build.0 = Release|Any CPU
		{B03DDA9A-EF46-4402-AC98-296B7A9EE21F}.Debug|Any CPU.ActiveCfg = Debug|Any CPU
		{B03DDA9A-EF46-4402-AC98-296B7A9EE21F}.Debug|Any CPU.Build.0 = Debug|Any CPU
		{B03DDA9A-EF46-4402-AC98-296B7A9EE21F}.Release|Any CPU.ActiveCfg = Release|Any CPU
		{B03DDA9A-EF46-4402-AC98-296B7A9EE21F}.Release|Any CPU.Build.0 = Release|Any CPU
		{D9CAD741-C5EA-487F-9678-A0C019153472}.Debug|Any CPU.ActiveCfg = Debug|Any CPU
		{D9CAD741-C5EA-487F-9678-A0C019153472}.Debug|Any CPU.Build.0 = Debug|Any CPU
		{D9CAD741-C5EA-487F-9678-A0C019153472}.Release|Any CPU.ActiveCfg = Release|Any CPU
		{D9CAD741-C5EA-487F-9678-A0C019153472}.Release|Any CPU.Build.0 = Release|Any CPU
		{A3513254-F65A-447F-80D5-D027095018CF}.Debug|Any CPU.ActiveCfg = Debug|Any CPU
		{A3513254-F65A-447F-80D5-D027095018CF}.Debug|Any CPU.Build.0 = Debug|Any CPU
		{A3513254-F65A-447F-80D5-D027095018CF}.Release|Any CPU.ActiveCfg = Release|Any CPU
		{A3513254-F65A-447F-80D5-D027095018CF}.Release|Any CPU.Build.0 = Release|Any CPU
		{04C3EE70-6CCE-4750-83E1-8A7EC784A742}.Debug|Any CPU.ActiveCfg = Debug|Any CPU
		{04C3EE70-6CCE-4750-83E1-8A7EC784A742}.Debug|Any CPU.Build.0 = Debug|Any CPU
		{04C3EE70-6CCE-4750-83E1-8A7EC784A742}.Release|Any CPU.ActiveCfg = Release|Any CPU
		{04C3EE70-6CCE-4750-83E1-8A7EC784A742}.Release|Any CPU.Build.0 = Release|Any CPU
		{A0604466-FAA3-49A1-8D2C-01F6DDCA4626}.Debug|Any CPU.ActiveCfg = Debug|Any CPU
		{A0604466-FAA3-49A1-8D2C-01F6DDCA4626}.Debug|Any CPU.Build.0 = Debug|Any CPU
		{A0604466-FAA3-49A1-8D2C-01F6DDCA4626}.Release|Any CPU.ActiveCfg = Release|Any CPU
		{A0604466-FAA3-49A1-8D2C-01F6DDCA4626}.Release|Any CPU.Build.0 = Release|Any CPU
		{3B2915B6-582F-4952-BF51-C291531DDCEB}.Debug|Any CPU.ActiveCfg = Debug|Any CPU
		{3B2915B6-582F-4952-BF51-C291531DDCEB}.Debug|Any CPU.Build.0 = Debug|Any CPU
		{3B2915B6-582F-4952-BF51-C291531DDCEB}.Release|Any CPU.ActiveCfg = Release|Any CPU
		{3B2915B6-582F-4952-BF51-C291531DDCEB}.Release|Any CPU.Build.0 = Release|Any CPU
		{F2AC7C79-097F-40BD-B8D4-998BDF617479}.Debug|Any CPU.ActiveCfg = Debug|Any CPU
		{F2AC7C79-097F-40BD-B8D4-998BDF617479}.Debug|Any CPU.Build.0 = Debug|Any CPU
		{F2AC7C79-097F-40BD-B8D4-998BDF617479}.Release|Any CPU.ActiveCfg = Release|Any CPU
		{F2AC7C79-097F-40BD-B8D4-998BDF617479}.Release|Any CPU.Build.0 = Release|Any CPU
		{583B2A0B-4F72-47DC-86D9-3FC4B63137F0}.Debug|Any CPU.ActiveCfg = Debug|Any CPU
		{583B2A0B-4F72-47DC-86D9-3FC4B63137F0}.Debug|Any CPU.Build.0 = Debug|Any CPU
		{583B2A0B-4F72-47DC-86D9-3FC4B63137F0}.Release|Any CPU.ActiveCfg = Release|Any CPU
		{583B2A0B-4F72-47DC-86D9-3FC4B63137F0}.Release|Any CPU.Build.0 = Release|Any CPU
		{FA8C85B7-BC03-4FA3-B36A-8DDD36E04E5A}.Debug|Any CPU.ActiveCfg = Debug|Any CPU
		{FA8C85B7-BC03-4FA3-B36A-8DDD36E04E5A}.Debug|Any CPU.Build.0 = Debug|Any CPU
		{FA8C85B7-BC03-4FA3-B36A-8DDD36E04E5A}.Release|Any CPU.ActiveCfg = Release|Any CPU
		{FA8C85B7-BC03-4FA3-B36A-8DDD36E04E5A}.Release|Any CPU.Build.0 = Release|Any CPU
		{B5A41590-BABF-4D9B-985E-9754F383131B}.Debug|Any CPU.ActiveCfg = Debug|Any CPU
		{B5A41590-BABF-4D9B-985E-9754F383131B}.Debug|Any CPU.Build.0 = Debug|Any CPU
		{B5A41590-BABF-4D9B-985E-9754F383131B}.Release|Any CPU.ActiveCfg = Release|Any CPU
		{B5A41590-BABF-4D9B-985E-9754F383131B}.Release|Any CPU.Build.0 = Release|Any CPU
		{4028DF37-F228-45F9-9939-357086BD0B35}.Debug|Any CPU.ActiveCfg = Debug|Any CPU
		{4028DF37-F228-45F9-9939-357086BD0B35}.Debug|Any CPU.Build.0 = Debug|Any CPU
		{4028DF37-F228-45F9-9939-357086BD0B35}.Release|Any CPU.ActiveCfg = Release|Any CPU
		{4028DF37-F228-45F9-9939-357086BD0B35}.Release|Any CPU.Build.0 = Release|Any CPU
		{1633E825-C2E8-47B9-A86B-5CED33FB1D5D}.Debug|Any CPU.ActiveCfg = Debug|Any CPU
		{1633E825-C2E8-47B9-A86B-5CED33FB1D5D}.Debug|Any CPU.Build.0 = Debug|Any CPU
		{1633E825-C2E8-47B9-A86B-5CED33FB1D5D}.Release|Any CPU.ActiveCfg = Release|Any CPU
		{1633E825-C2E8-47B9-A86B-5CED33FB1D5D}.Release|Any CPU.Build.0 = Release|Any CPU
		{61512F2C-F3F7-480B-876A-EB1D6A0C0A06}.Debug|Any CPU.ActiveCfg = Debug|Any CPU
		{61512F2C-F3F7-480B-876A-EB1D6A0C0A06}.Debug|Any CPU.Build.0 = Debug|Any CPU
		{61512F2C-F3F7-480B-876A-EB1D6A0C0A06}.Release|Any CPU.ActiveCfg = Release|Any CPU
		{61512F2C-F3F7-480B-876A-EB1D6A0C0A06}.Release|Any CPU.Build.0 = Release|Any CPU
		{1F60EB8B-6784-4EDD-B93D-7E7295FDC8CD}.Debug|Any CPU.ActiveCfg = Debug|Any CPU
		{1F60EB8B-6784-4EDD-B93D-7E7295FDC8CD}.Debug|Any CPU.Build.0 = Debug|Any CPU
		{1F60EB8B-6784-4EDD-B93D-7E7295FDC8CD}.Release|Any CPU.ActiveCfg = Release|Any CPU
		{1F60EB8B-6784-4EDD-B93D-7E7295FDC8CD}.Release|Any CPU.Build.0 = Release|Any CPU
		{BE76B1C7-BDC9-44C1-A06B-EEE4CDAB1711}.Debug|Any CPU.ActiveCfg = Debug|Any CPU
		{BE76B1C7-BDC9-44C1-A06B-EEE4CDAB1711}.Debug|Any CPU.Build.0 = Debug|Any CPU
		{BE76B1C7-BDC9-44C1-A06B-EEE4CDAB1711}.Release|Any CPU.ActiveCfg = Release|Any CPU
		{BE76B1C7-BDC9-44C1-A06B-EEE4CDAB1711}.Release|Any CPU.Build.0 = Release|Any CPU
		{B30B7BF8-9F53-4720-9BE6-3A53079B3F57}.Debug|Any CPU.ActiveCfg = Debug|Any CPU
		{B30B7BF8-9F53-4720-9BE6-3A53079B3F57}.Debug|Any CPU.Build.0 = Debug|Any CPU
		{B30B7BF8-9F53-4720-9BE6-3A53079B3F57}.Release|Any CPU.ActiveCfg = Release|Any CPU
		{B30B7BF8-9F53-4720-9BE6-3A53079B3F57}.Release|Any CPU.Build.0 = Release|Any CPU
		{F2A739C5-7272-48D8-9241-CD1337860BF1}.Debug|Any CPU.ActiveCfg = Debug|Any CPU
		{F2A739C5-7272-48D8-9241-CD1337860BF1}.Debug|Any CPU.Build.0 = Debug|Any CPU
		{F2A739C5-7272-48D8-9241-CD1337860BF1}.Release|Any CPU.ActiveCfg = Release|Any CPU
		{F2A739C5-7272-48D8-9241-CD1337860BF1}.Release|Any CPU.Build.0 = Release|Any CPU
	EndGlobalSection
	GlobalSection(SolutionProperties) = preSolution
		HideSolutionNode = FALSE
	EndGlobalSection
	GlobalSection(NestedProjects) = preSolution
		{01632A00-2EF1-4362-8014-D83E8E3EA468} = {888410E9-CB77-416B-A323-3CD1FF589699}
		{3D89E73D-F038-4930-8167-74DF8A225BB4} = {888410E9-CB77-416B-A323-3CD1FF589699}
		{18E6B5C3-353F-424C-A7D8-E638003BB28D} = {888410E9-CB77-416B-A323-3CD1FF589699}
		{C0CB9D7D-06E2-4019-B322-1CEEA4302EA7} = {888410E9-CB77-416B-A323-3CD1FF589699}
		{CB437C37-3FC5-4090-B56B-BFFB5776F3D4} = {888410E9-CB77-416B-A323-3CD1FF589699}
		{B03DDA9A-EF46-4402-AC98-296B7A9EE21F} = {28F12965-1DC2-43A8-890B-4FFF32AE1993}
		{D9CAD741-C5EA-487F-9678-A0C019153472} = {28F12965-1DC2-43A8-890B-4FFF32AE1993}
		{A3513254-F65A-447F-80D5-D027095018CF} = {28F12965-1DC2-43A8-890B-4FFF32AE1993}
		{04C3EE70-6CCE-4750-83E1-8A7EC784A742} = {28F12965-1DC2-43A8-890B-4FFF32AE1993}
		{A0604466-FAA3-49A1-8D2C-01F6DDCA4626} = {28F12965-1DC2-43A8-890B-4FFF32AE1993}
		{3B2915B6-582F-4952-BF51-C291531DDCEB} = {28F12965-1DC2-43A8-890B-4FFF32AE1993}
		{F2AC7C79-097F-40BD-B8D4-998BDF617479} = {28F12965-1DC2-43A8-890B-4FFF32AE1993}
		{583B2A0B-4F72-47DC-86D9-3FC4B63137F0} = {08099F25-6368-49FE-BCA8-10DACCA07529}
		{FA8C85B7-BC03-4FA3-B36A-8DDD36E04E5A} = {08099F25-6368-49FE-BCA8-10DACCA07529}
		{B5A41590-BABF-4D9B-985E-9754F383131B} = {08099F25-6368-49FE-BCA8-10DACCA07529}
		{4028DF37-F228-45F9-9939-357086BD0B35} = {B63A5663-37EE-431B-9480-F517711035A3}
		{1633E825-C2E8-47B9-A86B-5CED33FB1D5D} = {B63A5663-37EE-431B-9480-F517711035A3}
		{61512F2C-F3F7-480B-876A-EB1D6A0C0A06} = {B63A5663-37EE-431B-9480-F517711035A3}
		{1F60EB8B-6784-4EDD-B93D-7E7295FDC8CD} = {81CF191C-978B-4365-82D0-EB619A7F812A}
		{BE76B1C7-BDC9-44C1-A06B-EEE4CDAB1711} = {81CF191C-978B-4365-82D0-EB619A7F812A}
		{B30B7BF8-9F53-4720-9BE6-3A53079B3F57} = {81CF191C-978B-4365-82D0-EB619A7F812A}
		{F2A739C5-7272-48D8-9241-CD1337860BF1} = {1B8993CA-1360-4925-AF46-EB94196FF74A}
	EndGlobalSection
	GlobalSection(ExtensibilityGlobals) = postSolution
		SolutionGuid = {20E8217F-4E84-471B-A2E6-8F94E8338D10}
	EndGlobalSection
EndGlobal
